// !$*UTF8*$!
{
	archiveVersion = 1;
	classes = {
	};
	objectVersion = 48;
	objects = {

/* Begin PBXBuildFile section */
		1ECF39422066437A00C4E8E5 /* AppDelegate.swift in Sources */ = {isa = PBXBuildFile; fileRef = 1ECF39412066437A00C4E8E5 /* AppDelegate.swift */; };
		1ECF394F2066437A00C4E8E5 /* LaunchScreen.storyboard in Resources */ = {isa = PBXBuildFile; fileRef = 1ECF394D2066437A00C4E8E5 /* LaunchScreen.storyboard */; };
		1ECF3958206643D500C4E8E5 /* DataService.swift in Sources */ = {isa = PBXBuildFile; fileRef = 1ECF3957206643D500C4E8E5 /* DataService.swift */; };
		1ECF395E2066440500C4E8E5 /* DatasetVC.swift in Sources */ = {isa = PBXBuildFile; fileRef = 1ECF395A2066440400C4E8E5 /* DatasetVC.swift */; };
		1ECF395F2066440500C4E8E5 /* SelectDatasetVC.swift in Sources */ = {isa = PBXBuildFile; fileRef = 1ECF395B2066440400C4E8E5 /* SelectDatasetVC.swift */; };
		1ECF39652066447700C4E8E5 /* Assets.xcassets in Resources */ = {isa = PBXBuildFile; fileRef = 1ECF39622066447600C4E8E5 /* Assets.xcassets */; };
		1ECF39662066447700C4E8E5 /* dataset_recorder.xcdatamodeld in Sources */ = {isa = PBXBuildFile; fileRef = 1ECF39632066447700C4E8E5 /* dataset_recorder.xcdatamodeld */; };
		1ECF3968206644B100C4E8E5 /* Main.storyboard in Resources */ = {isa = PBXBuildFile; fileRef = 1ECF3967206644B100C4E8E5 /* Main.storyboard */; };
		1ECF396A20665DFB00C4E8E5 /* CameraVC.swift in Sources */ = {isa = PBXBuildFile; fileRef = 1ECF396920665DFB00C4E8E5 /* CameraVC.swift */; };
		1ECF396C2066648200C4E8E5 /* ImageVC.swift in Sources */ = {isa = PBXBuildFile; fileRef = 1ECF396B2066648200C4E8E5 /* ImageVC.swift */; };
		1EEEAAEA206FB52100D06BFD /* DataItemCell.swift in Sources */ = {isa = PBXBuildFile; fileRef = 1EEEAAE9206FB52100D06BFD /* DataItemCell.swift */; };
		1EEEAAEC206FCE2300D06BFD /* EditDataVC.swift in Sources */ = {isa = PBXBuildFile; fileRef = 1EEEAAEB206FCE2300D06BFD /* EditDataVC.swift */; };
		1EEEAAEE20714AFD00D06BFD /* GoogleService-Info.plist in Resources */ = {isa = PBXBuildFile; fileRef = 1EEEAAED20714AFD00D06BFD /* GoogleService-Info.plist */; };
		1EEEAAF32076146F00D06BFD /* Extensions.swift in Sources */ = {isa = PBXBuildFile; fileRef = 1EEEAAF22076146F00D06BFD /* Extensions.swift */; };
		D0A010FE616041A6C6325839 /* Pods_dataset_recorder.framework in Frameworks */ = {isa = PBXBuildFile; fileRef = CED4152AAD942B6E3CE2D688 /* Pods_dataset_recorder.framework */; };
/* End PBXBuildFile section */

/* Begin PBXFileReference section */
		1ECF393E2066437A00C4E8E5 /* dataset-recorder.app */ = {isa = PBXFileReference; explicitFileType = wrapper.application; includeInIndex = 0; path = "dataset-recorder.app"; sourceTree = BUILT_PRODUCTS_DIR; };
		1ECF39412066437A00C4E8E5 /* AppDelegate.swift */ = {isa = PBXFileReference; lastKnownFileType = sourcecode.swift; path = AppDelegate.swift; sourceTree = "<group>"; };
		1ECF394E2066437A00C4E8E5 /* Base */ = {isa = PBXFileReference; lastKnownFileType = file.storyboard; name = Base; path = Base.lproj/LaunchScreen.storyboard; sourceTree = "<group>"; };
		1ECF39502066437A00C4E8E5 /* Info.plist */ = {isa = PBXFileReference; lastKnownFileType = text.plist.xml; path = Info.plist; sourceTree = "<group>"; };
		1ECF3957206643D500C4E8E5 /* DataService.swift */ = {isa = PBXFileReference; fileEncoding = 4; lastKnownFileType = sourcecode.swift; path = DataService.swift; sourceTree = "<group>"; };
		1ECF395A2066440400C4E8E5 /* DatasetVC.swift */ = {isa = PBXFileReference; fileEncoding = 4; lastKnownFileType = sourcecode.swift; path = DatasetVC.swift; sourceTree = "<group>"; };
		1ECF395B2066440400C4E8E5 /* SelectDatasetVC.swift */ = {isa = PBXFileReference; fileEncoding = 4; lastKnownFileType = sourcecode.swift; path = SelectDatasetVC.swift; sourceTree = "<group>"; };
		1ECF39622066447600C4E8E5 /* Assets.xcassets */ = {isa = PBXFileReference; lastKnownFileType = folder.assetcatalog; path = Assets.xcassets; sourceTree = "<group>"; };
		1ECF39642066447700C4E8E5 /* image_dataset_app.xcdatamodel */ = {isa = PBXFileReference; lastKnownFileType = wrapper.xcdatamodel; path = image_dataset_app.xcdatamodel; sourceTree = "<group>"; };
		1ECF3967206644B100C4E8E5 /* Main.storyboard */ = {isa = PBXFileReference; fileEncoding = 4; lastKnownFileType = file.storyboard; path = Main.storyboard; sourceTree = "<group>"; };
		1ECF396920665DFB00C4E8E5 /* CameraVC.swift */ = {isa = PBXFileReference; lastKnownFileType = sourcecode.swift; path = CameraVC.swift; sourceTree = "<group>"; };
		1ECF396B2066648200C4E8E5 /* ImageVC.swift */ = {isa = PBXFileReference; lastKnownFileType = sourcecode.swift; path = ImageVC.swift; sourceTree = "<group>"; };
		1EEEAAE9206FB52100D06BFD /* DataItemCell.swift */ = {isa = PBXFileReference; lastKnownFileType = sourcecode.swift; path = DataItemCell.swift; sourceTree = "<group>"; };
		1EEEAAEB206FCE2300D06BFD /* EditDataVC.swift */ = {isa = PBXFileReference; lastKnownFileType = sourcecode.swift; path = EditDataVC.swift; sourceTree = "<group>"; };
		1EEEAAED20714AFD00D06BFD /* GoogleService-Info.plist */ = {isa = PBXFileReference; fileEncoding = 4; lastKnownFileType = text.plist.xml; path = "GoogleService-Info.plist"; sourceTree = "<group>"; };
		1EEEAAEF207155B600D06BFD /* dataset-recorder.entitlements */ = {isa = PBXFileReference; lastKnownFileType = text.plist.entitlements; path = "dataset-recorder.entitlements"; sourceTree = "<group>"; };
		1EEEAAF22076146F00D06BFD /* Extensions.swift */ = {isa = PBXFileReference; lastKnownFileType = sourcecode.swift; path = Extensions.swift; sourceTree = "<group>"; };
		263857B2BD463FED5623E121 /* Pods-dataset-recorder.debug.xcconfig */ = {isa = PBXFileReference; includeInIndex = 1; lastKnownFileType = text.xcconfig; name = "Pods-dataset-recorder.debug.xcconfig"; path = "Pods/Target Support Files/Pods-dataset-recorder/Pods-dataset-recorder.debug.xcconfig"; sourceTree = "<group>"; };
		CED4152AAD942B6E3CE2D688 /* Pods_dataset_recorder.framework */ = {isa = PBXFileReference; explicitFileType = wrapper.framework; includeInIndex = 0; path = Pods_dataset_recorder.framework; sourceTree = BUILT_PRODUCTS_DIR; };
		EFD1E392371800828AB2141B /* Pods-dataset-recorder.release.xcconfig */ = {isa = PBXFileReference; includeInIndex = 1; lastKnownFileType = text.xcconfig; name = "Pods-dataset-recorder.release.xcconfig"; path = "Pods/Target Support Files/Pods-dataset-recorder/Pods-dataset-recorder.release.xcconfig"; sourceTree = "<group>"; };
/* End PBXFileReference section */

/* Begin PBXFrameworksBuildPhase section */
		1ECF393B2066437A00C4E8E5 /* Frameworks */ = {
			isa = PBXFrameworksBuildPhase;
			buildActionMask = 2147483647;
			files = (
				D0A010FE616041A6C6325839 /* Pods_dataset_recorder.framework in Frameworks */,
			);
			runOnlyForDeploymentPostprocessing = 0;
		};
/* End PBXFrameworksBuildPhase section */

/* Begin PBXGroup section */
		1ECF39352066437A00C4E8E5 = {
			isa = PBXGroup;
			children = (
				1ECF39402066437A00C4E8E5 /* dataset-recorder */,
				1ECF393F2066437A00C4E8E5 /* Products */,
				9F433ABB9411B25E4AE30960 /* Pods */,
				4BAC00F4D36D1697F8DE11ED /* Frameworks */,
			);
			sourceTree = "<group>";
		};
		1ECF393F2066437A00C4E8E5 /* Products */ = {
			isa = PBXGroup;
			children = (
				1ECF393E2066437A00C4E8E5 /* dataset-recorder.app */,
			);
			name = Products;
			sourceTree = "<group>";
		};
		1ECF39402066437A00C4E8E5 /* dataset-recorder */ = {
			isa = PBXGroup;
			children = (
				1ECF3956206643D500C4E8E5 /* Service */,
				1ECF39592066440400C4E8E5 /* Controller */,
				1ECF395D2066440400C4E8E5 /* View */,
				1ECF395C2066440400C4E8E5 /* Extension */,
				1ECF39612066444F00C4E8E5 /* Resources */,
				1ECF39602066442D00C4E8E5 /* Delegates */,
				1EEEAAED20714AFD00D06BFD /* GoogleService-Info.plist */,
				1ECF39502066437A00C4E8E5 /* Info.plist */,
				1EEEAAEF207155B600D06BFD /* dataset-recorder.entitlements */,
			);
			path = "dataset-recorder";
			sourceTree = "<group>";
		};
		1ECF3956206643D500C4E8E5 /* Service */ = {
			isa = PBXGroup;
			children = (
				1ECF3957206643D500C4E8E5 /* DataService.swift */,
			);
			path = Service;
			sourceTree = "<group>";
		};
		1ECF39592066440400C4E8E5 /* Controller */ = {
			isa = PBXGroup;
			children = (
				1ECF395A2066440400C4E8E5 /* DatasetVC.swift */,
				1ECF395B2066440400C4E8E5 /* SelectDatasetVC.swift */,
				1ECF396920665DFB00C4E8E5 /* CameraVC.swift */,
				1ECF396B2066648200C4E8E5 /* ImageVC.swift */,
				1EEEAAEB206FCE2300D06BFD /* EditDataVC.swift */,
			);
			path = Controller;
			sourceTree = "<group>";
		};
		1ECF395C2066440400C4E8E5 /* Extension */ = {
			isa = PBXGroup;
			children = (
				1EEEAAF22076146F00D06BFD /* Extensions.swift */,
			);
			path = Extension;
			sourceTree = "<group>";
		};
		1ECF395D2066440400C4E8E5 /* View */ = {
			isa = PBXGroup;
			children = (
				1EEEAAE9206FB52100D06BFD /* DataItemCell.swift */,
			);
			path = View;
			sourceTree = "<group>";
		};
		1ECF39602066442D00C4E8E5 /* Delegates */ = {
			isa = PBXGroup;
			children = (
				1ECF39412066437A00C4E8E5 /* AppDelegate.swift */,
			);
			path = Delegates;
			sourceTree = "<group>";
		};
		1ECF39612066444F00C4E8E5 /* Resources */ = {
			isa = PBXGroup;
			children = (
				1ECF394D2066437A00C4E8E5 /* LaunchScreen.storyboard */,
				1ECF3967206644B100C4E8E5 /* Main.storyboard */,
				1ECF39622066447600C4E8E5 /* Assets.xcassets */,
				1ECF39632066447700C4E8E5 /* dataset_recorder.xcdatamodeld */,
			);
			path = Resources;
			sourceTree = "<group>";
		};
		4BAC00F4D36D1697F8DE11ED /* Frameworks */ = {
			isa = PBXGroup;
			children = (
				CED4152AAD942B6E3CE2D688 /* Pods_dataset_recorder.framework */,
			);
			name = Frameworks;
			sourceTree = "<group>";
		};
		9F433ABB9411B25E4AE30960 /* Pods */ = {
			isa = PBXGroup;
			children = (
				263857B2BD463FED5623E121 /* Pods-dataset-recorder.debug.xcconfig */,
				EFD1E392371800828AB2141B /* Pods-dataset-recorder.release.xcconfig */,
			);
			name = Pods;
			sourceTree = "<group>";
		};
/* End PBXGroup section */

/* Begin PBXNativeTarget section */
		1ECF393D2066437A00C4E8E5 /* dataset-recorder */ = {
			isa = PBXNativeTarget;
			buildConfigurationList = 1ECF39532066437A00C4E8E5 /* Build configuration list for PBXNativeTarget "dataset-recorder" */;
			buildPhases = (
				35B595816C21DD2D9AAE7A00 /* [CP] Check Pods Manifest.lock */,
				1ECF393A2066437A00C4E8E5 /* Sources */,
				1ECF393B2066437A00C4E8E5 /* Frameworks */,
				1ECF393C2066437A00C4E8E5 /* Resources */,
				3757348063BBD2486B2C6C9E /* [CP] Embed Pods Frameworks */,
				5FC7A07B25590B9D24475CC1 /* [CP] Copy Pods Resources */,
			);
			buildRules = (
			);
			dependencies = (
			);
			name = "dataset-recorder";
			productName = "dataset-recorder";
			productReference = 1ECF393E2066437A00C4E8E5 /* dataset-recorder.app */;
			productType = "com.apple.product-type.application";
		};
/* End PBXNativeTarget section */

/* Begin PBXProject section */
		1ECF39362066437A00C4E8E5 /* Project object */ = {
			isa = PBXProject;
			attributes = {
				LastSwiftUpdateCheck = 0920;
				LastUpgradeCheck = 0930;
				ORGANIZATIONNAME = "Krzysztof Langner";
				TargetAttributes = {
					1ECF393D2066437A00C4E8E5 = {
						CreatedOnToolsVersion = 9.2;
						ProvisioningStyle = Automatic;
						SystemCapabilities = {
							com.apple.ApplicationGroups.iOS = {
								enabled = 1;
							};
						};
					};
				};
			};
			buildConfigurationList = 1ECF39392066437A00C4E8E5 /* Build configuration list for PBXProject "dataset-recorder" */;
			compatibilityVersion = "Xcode 8.0";
			developmentRegion = en;
			hasScannedForEncodings = 0;
			knownRegions = (
				en,
				Base,
			);
			mainGroup = 1ECF39352066437A00C4E8E5;
			productRefGroup = 1ECF393F2066437A00C4E8E5 /* Products */;
			projectDirPath = "";
			projectRoot = "";
			targets = (
				1ECF393D2066437A00C4E8E5 /* dataset-recorder */,
			);
		};
/* End PBXProject section */

/* Begin PBXResourcesBuildPhase section */
		1ECF393C2066437A00C4E8E5 /* Resources */ = {
			isa = PBXResourcesBuildPhase;
			buildActionMask = 2147483647;
			files = (
				1ECF3968206644B100C4E8E5 /* Main.storyboard in Resources */,
				1EEEAAEE20714AFD00D06BFD /* GoogleService-Info.plist in Resources */,
				1ECF394F2066437A00C4E8E5 /* LaunchScreen.storyboard in Resources */,
				1ECF39652066447700C4E8E5 /* Assets.xcassets in Resources */,
			);
			runOnlyForDeploymentPostprocessing = 0;
		};
/* End PBXResourcesBuildPhase section */

/* Begin PBXShellScriptBuildPhase section */
		35B595816C21DD2D9AAE7A00 /* [CP] Check Pods Manifest.lock */ = {
			isa = PBXShellScriptBuildPhase;
			buildActionMask = 2147483647;
			files = (
			);
			inputPaths = (
				"${PODS_PODFILE_DIR_PATH}/Podfile.lock",
				"${PODS_ROOT}/Manifest.lock",
			);
			name = "[CP] Check Pods Manifest.lock";
			outputPaths = (
				"$(DERIVED_FILE_DIR)/Pods-dataset-recorder-checkManifestLockResult.txt",
			);
			runOnlyForDeploymentPostprocessing = 0;
			shellPath = /bin/sh;
			shellScript = "diff \"${PODS_PODFILE_DIR_PATH}/Podfile.lock\" \"${PODS_ROOT}/Manifest.lock\" > /dev/null\nif [ $? != 0 ] ; then\n    # print error to STDERR\n    echo \"error: The sandbox is not in sync with the Podfile.lock. Run 'pod install' or update your CocoaPods installation.\" >&2\n    exit 1\nfi\n# This output is used by Xcode 'outputs' to avoid re-running this script phase.\necho \"SUCCESS\" > \"${SCRIPT_OUTPUT_FILE_0}\"\n";
			showEnvVarsInLog = 0;
		};
		3757348063BBD2486B2C6C9E /* [CP] Embed Pods Frameworks */ = {
			isa = PBXShellScriptBuildPhase;
			buildActionMask = 2147483647;
			files = (
			);
			inputPaths = (
				"${SRCROOT}/Pods/Target Support Files/Pods-dataset-recorder/Pods-dataset-recorder-frameworks.sh",
				"${BUILT_PRODUCTS_DIR}/GTMSessionFetcher/GTMSessionFetcher.framework",
				"${BUILT_PRODUCTS_DIR}/GoogleToolboxForMac/GoogleToolboxForMac.framework",
				"${BUILT_PRODUCTS_DIR}/nanopb/nanopb.framework",
			);
			name = "[CP] Embed Pods Frameworks";
			outputPaths = (
				"${TARGET_BUILD_DIR}/${FRAMEWORKS_FOLDER_PATH}/GTMSessionFetcher.framework",
				"${TARGET_BUILD_DIR}/${FRAMEWORKS_FOLDER_PATH}/GoogleToolboxForMac.framework",
				"${TARGET_BUILD_DIR}/${FRAMEWORKS_FOLDER_PATH}/nanopb.framework",
			);
			runOnlyForDeploymentPostprocessing = 0;
			shellPath = /bin/sh;
			shellScript = "\"${SRCROOT}/Pods/Target Support Files/Pods-dataset-recorder/Pods-dataset-recorder-frameworks.sh\"\n";
			showEnvVarsInLog = 0;
		};
		5FC7A07B25590B9D24475CC1 /* [CP] Copy Pods Resources */ = {
			isa = PBXShellScriptBuildPhase;
			buildActionMask = 2147483647;
			files = (
			);
			inputPaths = (
			);
			name = "[CP] Copy Pods Resources";
			outputPaths = (
			);
			runOnlyForDeploymentPostprocessing = 0;
			shellPath = /bin/sh;
			shellScript = "\"${SRCROOT}/Pods/Target Support Files/Pods-dataset-recorder/Pods-dataset-recorder-resources.sh\"\n";
			showEnvVarsInLog = 0;
		};
/* End PBXShellScriptBuildPhase section */

/* Begin PBXSourcesBuildPhase section */
		1ECF393A2066437A00C4E8E5 /* Sources */ = {
			isa = PBXSourcesBuildPhase;
			buildActionMask = 2147483647;
			files = (
				1ECF39662066447700C4E8E5 /* dataset_recorder.xcdatamodeld in Sources */,
				1ECF396A20665DFB00C4E8E5 /* CameraVC.swift in Sources */,
				1ECF39422066437A00C4E8E5 /* AppDelegate.swift in Sources */,
				1ECF395E2066440500C4E8E5 /* DatasetVC.swift in Sources */,
				1EEEAAEC206FCE2300D06BFD /* EditDataVC.swift in Sources */,
				1EEEAAF32076146F00D06BFD /* Extensions.swift in Sources */,
				1ECF3958206643D500C4E8E5 /* DataService.swift in Sources */,
				1ECF395F2066440500C4E8E5 /* SelectDatasetVC.swift in Sources */,
				1EEEAAEA206FB52100D06BFD /* DataItemCell.swift in Sources */,
				1ECF396C2066648200C4E8E5 /* ImageVC.swift in Sources */,
			);
			runOnlyForDeploymentPostprocessing = 0;
		};
/* End PBXSourcesBuildPhase section */

/* Begin PBXVariantGroup section */
		1ECF394D2066437A00C4E8E5 /* LaunchScreen.storyboard */ = {
			isa = PBXVariantGroup;
			children = (
				1ECF394E2066437A00C4E8E5 /* Base */,
			);
			name = LaunchScreen.storyboard;
			sourceTree = "<group>";
		};
/* End PBXVariantGroup section */

/* Begin XCBuildConfiguration section */
		1ECF39512066437A00C4E8E5 /* Debug */ = {
			isa = XCBuildConfiguration;
			buildSettings = {
				ALWAYS_SEARCH_USER_PATHS = NO;
				CLANG_ANALYZER_NONNULL = YES;
				CLANG_ANALYZER_NUMBER_OBJECT_CONVERSION = YES_AGGRESSIVE;
				CLANG_CXX_LANGUAGE_STANDARD = "gnu++14";
				CLANG_CXX_LIBRARY = "libc++";
				CLANG_ENABLE_MODULES = YES;
				CLANG_ENABLE_OBJC_ARC = YES;
				CLANG_WARN_BLOCK_CAPTURE_AUTORELEASING = YES;
				CLANG_WARN_BOOL_CONVERSION = YES;
				CLANG_WARN_COMMA = YES;
				CLANG_WARN_CONSTANT_CONVERSION = YES;
				CLANG_WARN_DEPRECATED_OBJC_IMPLEMENTATIONS = YES;
				CLANG_WARN_DIRECT_OBJC_ISA_USAGE = YES_ERROR;
				CLANG_WARN_DOCUMENTATION_COMMENTS = YES;
				CLANG_WARN_EMPTY_BODY = YES;
				CLANG_WARN_ENUM_CONVERSION = YES;
				CLANG_WARN_INFINITE_RECURSION = YES;
				CLANG_WARN_INT_CONVERSION = YES;
				CLANG_WARN_NON_LITERAL_NULL_CONVERSION = YES;
				CLANG_WARN_OBJC_IMPLICIT_RETAIN_SELF = YES;
				CLANG_WARN_OBJC_LITERAL_CONVERSION = YES;
				CLANG_WARN_OBJC_ROOT_CLASS = YES_ERROR;
				CLANG_WARN_RANGE_LOOP_ANALYSIS = YES;
				CLANG_WARN_STRICT_PROTOTYPES = YES;
				CLANG_WARN_SUSPICIOUS_MOVE = YES;
				CLANG_WARN_UNGUARDED_AVAILABILITY = YES_AGGRESSIVE;
				CLANG_WARN_UNREACHABLE_CODE = YES;
				CLANG_WARN__DUPLICATE_METHOD_MATCH = YES;
				CODE_SIGN_IDENTITY = "iPhone Developer";
				COPY_PHASE_STRIP = NO;
				DEBUG_INFORMATION_FORMAT = dwarf;
				ENABLE_STRICT_OBJC_MSGSEND = YES;
				ENABLE_TESTABILITY = YES;
				GCC_C_LANGUAGE_STANDARD = gnu11;
				GCC_DYNAMIC_NO_PIC = NO;
				GCC_NO_COMMON_BLOCKS = YES;
				GCC_OPTIMIZATION_LEVEL = 0;
				GCC_PREPROCESSOR_DEFINITIONS = (
					"DEBUG=1",
					"$(inherited)",
				);
				GCC_WARN_64_TO_32_BIT_CONVERSION = YES;
				GCC_WARN_ABOUT_RETURN_TYPE = YES_ERROR;
				GCC_WARN_UNDECLARED_SELECTOR = YES;
				GCC_WARN_UNINITIALIZED_AUTOS = YES_AGGRESSIVE;
				GCC_WARN_UNUSED_FUNCTION = YES;
				GCC_WARN_UNUSED_VARIABLE = YES;
				IPHONEOS_DEPLOYMENT_TARGET = 11.2;
				MTL_ENABLE_DEBUG_INFO = YES;
				ONLY_ACTIVE_ARCH = YES;
				SDKROOT = iphoneos;
				SWIFT_ACTIVE_COMPILATION_CONDITIONS = DEBUG;
				SWIFT_OPTIMIZATION_LEVEL = "-Onone";
			};
			name = Debug;
		};
		1ECF39522066437A00C4E8E5 /* Release */ = {
			isa = XCBuildConfiguration;
			buildSettings = {
				ALWAYS_SEARCH_USER_PATHS = NO;
				CLANG_ANALYZER_NONNULL = YES;
				CLANG_ANALYZER_NUMBER_OBJECT_CONVERSION = YES_AGGRESSIVE;
				CLANG_CXX_LANGUAGE_STANDARD = "gnu++14";
				CLANG_CXX_LIBRARY = "libc++";
				CLANG_ENABLE_MODULES = YES;
				CLANG_ENABLE_OBJC_ARC = YES;
				CLANG_WARN_BLOCK_CAPTURE_AUTORELEASING = YES;
				CLANG_WARN_BOOL_CONVERSION = YES;
				CLANG_WARN_COMMA = YES;
				CLANG_WARN_CONSTANT_CONVERSION = YES;
				CLANG_WARN_DEPRECATED_OBJC_IMPLEMENTATIONS = YES;
				CLANG_WARN_DIRECT_OBJC_ISA_USAGE = YES_ERROR;
				CLANG_WARN_DOCUMENTATION_COMMENTS = YES;
				CLANG_WARN_EMPTY_BODY = YES;
				CLANG_WARN_ENUM_CONVERSION = YES;
				CLANG_WARN_INFINITE_RECURSION = YES;
				CLANG_WARN_INT_CONVERSION = YES;
				CLANG_WARN_NON_LITERAL_NULL_CONVERSION = YES;
				CLANG_WARN_OBJC_IMPLICIT_RETAIN_SELF = YES;
				CLANG_WARN_OBJC_LITERAL_CONVERSION = YES;
				CLANG_WARN_OBJC_ROOT_CLASS = YES_ERROR;
				CLANG_WARN_RANGE_LOOP_ANALYSIS = YES;
				CLANG_WARN_STRICT_PROTOTYPES = YES;
				CLANG_WARN_SUSPICIOUS_MOVE = YES;
				CLANG_WARN_UNGUARDED_AVAILABILITY = YES_AGGRESSIVE;
				CLANG_WARN_UNREACHABLE_CODE = YES;
				CLANG_WARN__DUPLICATE_METHOD_MATCH = YES;
				CODE_SIGN_IDENTITY = "iPhone Developer";
				COPY_PHASE_STRIP = NO;
				DEBUG_INFORMATION_FORMAT = "dwarf-with-dsym";
				ENABLE_NS_ASSERTIONS = NO;
				ENABLE_STRICT_OBJC_MSGSEND = YES;
				GCC_C_LANGUAGE_STANDARD = gnu11;
				GCC_NO_COMMON_BLOCKS = YES;
				GCC_WARN_64_TO_32_BIT_CONVERSION = YES;
				GCC_WARN_ABOUT_RETURN_TYPE = YES_ERROR;
				GCC_WARN_UNDECLARED_SELECTOR = YES;
				GCC_WARN_UNINITIALIZED_AUTOS = YES_AGGRESSIVE;
				GCC_WARN_UNUSED_FUNCTION = YES;
				GCC_WARN_UNUSED_VARIABLE = YES;
				IPHONEOS_DEPLOYMENT_TARGET = 11.2;
				MTL_ENABLE_DEBUG_INFO = NO;
				SDKROOT = iphoneos;
				SWIFT_OPTIMIZATION_LEVEL = "-Owholemodule";
				VALIDATE_PRODUCT = YES;
			};
			name = Release;
		};
		1ECF39542066437A00C4E8E5 /* Debug */ = {
			isa = XCBuildConfiguration;
			baseConfigurationReference = 263857B2BD463FED5623E121 /* Pods-dataset-recorder.debug.xcconfig */;
			buildSettings = {
				ASSETCATALOG_COMPILER_APPICON_NAME = AppIcon;
				CODE_SIGN_ENTITLEMENTS = "dataset-recorder/dataset-recorder.entitlements";
				CODE_SIGN_STYLE = Automatic;
				DEVELOPMENT_TEAM = R2P772U892;
				INFOPLIST_FILE = "dataset-recorder/Info.plist";
				IPHONEOS_DEPLOYMENT_TARGET = 11.3;
				LD_RUNPATH_SEARCH_PATHS = "$(inherited) @executable_path/Frameworks";
				PRODUCT_BUNDLE_IDENTIFIER = "com.foklid.dataset-recorder";
				PRODUCT_NAME = "$(TARGET_NAME)";
				SWIFT_VERSION = 4.0;
				TARGETED_DEVICE_FAMILY = "1,2";
			};
			name = Debug;
		};
		1ECF39552066437A00C4E8E5 /* Release */ = {
			isa = XCBuildConfiguration;
			baseConfigurationReference = EFD1E392371800828AB2141B /* Pods-dataset-recorder.release.xcconfig */;
			buildSettings = {
				ASSETCATALOG_COMPILER_APPICON_NAME = AppIcon;
				CODE_SIGN_ENTITLEMENTS = "dataset-recorder/dataset-recorder.entitlements";
				CODE_SIGN_STYLE = Automatic;
				DEVELOPMENT_TEAM = R2P772U892;
				INFOPLIST_FILE = "dataset-recorder/Info.plist";
				IPHONEOS_DEPLOYMENT_TARGET = 11.3;
				LD_RUNPATH_SEARCH_PATHS = "$(inherited) @executable_path/Frameworks";
				PRODUCT_BUNDLE_IDENTIFIER = "com.foklid.dataset-recorder";
				PRODUCT_NAME = "$(TARGET_NAME)";
				SWIFT_VERSION = 4.0;
				TARGETED_DEVICE_FAMILY = "1,2";
			};
			name = Release;
		};
/* End XCBuildConfiguration section */

/* Begin XCConfigurationList section */
		1ECF39392066437A00C4E8E5 /* Build configuration list for PBXProject "dataset-recorder" */ = {
			isa = XCConfigurationList;
			buildConfigurations = (
				1ECF39512066437A00C4E8E5 /* Debug */,
				1ECF39522066437A00C4E8E5 /* Release */,
			);
			defaultConfigurationIsVisible = 0;
			defaultConfigurationName = Release;
		};
		1ECF39532066437A00C4E8E5 /* Build configuration list for PBXNativeTarget "dataset-recorder" */ = {
			isa = XCConfigurationList;
			buildConfigurations = (
				1ECF39542066437A00C4E8E5 /* Debug */,
				1ECF39552066437A00C4E8E5 /* Release */,
			);
			defaultConfigurationIsVisible = 0;
			defaultConfigurationName = Release;
		};
/* End XCConfigurationList section */

/* Begin XCVersionGroup section */
		1ECF39632066447700C4E8E5 /* dataset_recorder.xcdatamodeld */ = {
			isa = XCVersionGroup;
			children = (
				1ECF39642066447700C4E8E5 /* image_dataset_app.xcdatamodel */,
			);
			currentVersion = 1ECF39642066447700C4E8E5 /* image_dataset_app.xcdatamodel */;
			path = dataset_recorder.xcdatamodeld;
			sourceTree = "<group>";
			versionGroupType = wrapper.xcdatamodel;
		};
/* End XCVersionGroup section */
	};
	rootObject = 1ECF39362066437A00C4E8E5 /* Project object */;
}
